PODS:
  - Introspect (0.2.3)
  - Kingfisher (7.6.2)

DEPENDENCIES:
  - Introspect
  - Kingfisher

SPEC REPOS:
  trunk:
    - Introspect
    - Kingfisher

SPEC CHECKSUMS:
  Introspect: 6917895ed34004271bc8d75a75db6c07839fa971
  Kingfisher: 6c5449c6450c5239166510ba04afe374a98afc4f

PODFILE CHECKSUM: 3ae482bf55e9873a2c49b00823ccabb8a18706e9

COCOAPODS: 1.11.3
