PODS:
  - Introspect (0.2.3)
  - KakaJSON (1.1.2)
  - Kingfisher (7.6.2)

DEPENDENCIES:
  - Introspect
  - KakaJSON (= 1.1.2)
  - Kingfisher

SPEC REPOS:
  trunk:
    - Introspect
    - KakaJSON
    - Kingfisher

SPEC CHECKSUMS:
  Introspect: 6917895ed34004271bc8d75a75db6c07839fa971
  KakaJSON: cc5ff50a8c1cfbb09413db8496cb709a209e6137
  Kingfisher: 6c5449c6450c5239166510ba04afe374a98afc4f

PODFILE CHECKSUM: 479d4c71931ed1a2a40307a9fcfd4c6081bdaef7

COCOAPODS: 1.11.3
