// !$*UTF8*$!
{
	archiveVersion = 1;
	classes = {
	};
	objectVersion = 56;
	objects = {

/* Begin PBXBuildFile section */
		A74DFB3029E57CE700A818B8 /* MaskView.swift in Sources */ = {isa = PBXBuildFile; fileRef = A74DFB2F29E57CE700A818B8 /* MaskView.swift */; };
		A74DFB3229E581E000A818B8 /* Screen.swift in Sources */ = {isa = PBXBuildFile; fileRef = A74DFB3129E581E000A818B8 /* Screen.swift */; };
		A74DFB3629E6CC8D00A818B8 /* KuAlertView.swift in Sources */ = {isa = PBXBuildFile; fileRef = A74DFB3529E6CC8D00A818B8 /* KuAlertView.swift */; };
		A7671C4129ECF8CC005BD3B4 /* BookShelfViewModel.swift in Sources */ = {isa = PBXBuildFile; fileRef = A7671C4029ECF8CC005BD3B4 /* BookShelfViewModel.swift */; };
		A7671C4329ED247E005BD3B4 /* APIClient.swift in Sources */ = {isa = PBXBuildFile; fileRef = A7671C4229ED247E005BD3B4 /* APIClient.swift */; };
		A7671C4529ED3F8D005BD3B4 /* BookSourceEditPage.swift in Sources */ = {isa = PBXBuildFile; fileRef = A7671C4429ED3F8D005BD3B4 /* BookSourceEditPage.swift */; };
		A79141A829E39E1C00E8BDFF /* KuTabView.swift in Sources */ = {isa = PBXBuildFile; fileRef = A79141A729E39E1C00E8BDFF /* KuTabView.swift */; };
		A79141AB29E39FC700E8BDFF /* KuNavigationBar.swift in Sources */ = {isa = PBXBuildFile; fileRef = A79141AA29E39FC700E8BDFF /* KuNavigationBar.swift */; };
		A79141AE29E3A4F600E8BDFF /* BookShelfPage.swift in Sources */ = {isa = PBXBuildFile; fileRef = A79141AD29E3A4F600E8BDFF /* BookShelfPage.swift */; };
		A79C7B5529E902DA00AEEE7E /* LazyView.swift in Sources */ = {isa = PBXBuildFile; fileRef = A79C7B5429E902DA00AEEE7E /* LazyView.swift */; };
		A79C7B5829E920E400AEEE7E /* HistoryPage.swift in Sources */ = {isa = PBXBuildFile; fileRef = A79C7B5729E920E400AEEE7E /* HistoryPage.swift */; };
		A79C7B5B29E922EF00AEEE7E /* DrawerPage.swift in Sources */ = {isa = PBXBuildFile; fileRef = A79C7B5A29E922EF00AEEE7E /* DrawerPage.swift */; };
		A79C7B5D29E9244200AEEE7E /* DrawerCell.swift in Sources */ = {isa = PBXBuildFile; fileRef = A79C7B5C29E9244200AEEE7E /* DrawerCell.swift */; };
		A79C7B6029E92B4200AEEE7E /* RecommendPage.swift in Sources */ = {isa = PBXBuildFile; fileRef = A79C7B5F29E92B4200AEEE7E /* RecommendPage.swift */; };
		A79C7B6329E93DDB00AEEE7E /* KuNetwork.swift in Sources */ = {isa = PBXBuildFile; fileRef = A79C7B6229E93DDB00AEEE7E /* KuNetwork.swift */; };
		A7B9B92729E3B53C001BA842 /* BookShelfTabView.swift in Sources */ = {isa = PBXBuildFile; fileRef = A7B9B92629E3B53C001BA842 /* BookShelfTabView.swift */; };
		A7B9B92929E3B5EA001BA842 /* BookShelf.swift in Sources */ = {isa = PBXBuildFile; fileRef = A7B9B92829E3B5EA001BA842 /* BookShelf.swift */; };
		A7B9B92D29E3E14F001BA842 /* BookshelfAddView.swift in Sources */ = {isa = PBXBuildFile; fileRef = A7B9B92C29E3E14F001BA842 /* BookshelfAddView.swift */; };
		A7B9B93229E3E803001BA842 /* Localizable.strings in Resources */ = {isa = PBXBuildFile; fileRef = A7B9B93429E3E803001BA842 /* Localizable.strings */; };
		A7B9B93A29E409A2001BA842 /* KuNavigationBarBaseView.swift in Sources */ = {isa = PBXBuildFile; fileRef = A7B9B93929E409A2001BA842 /* KuNavigationBarBaseView.swift */; };
		A7B9B93C29E40A9D001BA842 /* KuNavigationHelper.swift in Sources */ = {isa = PBXBuildFile; fileRef = A7B9B93B29E40A9D001BA842 /* KuNavigationHelper.swift */; };
		A7B9B93E29E42A5B001BA842 /* BookShelfTypeCell.swift in Sources */ = {isa = PBXBuildFile; fileRef = A7B9B93D29E42A5B001BA842 /* BookShelfTypeCell.swift */; };
		A7B9B94129E43106001BA842 /* AppSetting.swift in Sources */ = {isa = PBXBuildFile; fileRef = A7B9B94029E43106001BA842 /* AppSetting.swift */; };
		A7B9B94329E4325F001BA842 /* ViewExtensions.swift in Sources */ = {isa = PBXBuildFile; fileRef = A7B9B94229E4325F001BA842 /* ViewExtensions.swift */; };
		A7C718BF29E8226200DFC021 /* BookSourceViewModel.swift in Sources */ = {isa = PBXBuildFile; fileRef = A7C718BE29E8226200DFC021 /* BookSourceViewModel.swift */; };
		A7D30C0829E4F4C100EED474 /* BookShelfService.swift in Sources */ = {isa = PBXBuildFile; fileRef = A7D30C0729E4F4C100EED474 /* BookShelfService.swift */; };
		A7D30C0A29E4F62000EED474 /* Book.swift in Sources */ = {isa = PBXBuildFile; fileRef = A7D30C0929E4F62000EED474 /* Book.swift */; };
		A7D30C0F29E4FEAA00EED474 /* Persistence.swift in Sources */ = {isa = PBXBuildFile; fileRef = A7D30C0E29E4FEAA00EED474 /* Persistence.swift */; };
		A7D30C1229E4FF7C00EED474 /* KuComics.xcdatamodeld in Sources */ = {isa = PBXBuildFile; fileRef = A7D30C1029E4FF7C00EED474 /* KuComics.xcdatamodeld */; };
		A7D30C4329E53C7800EED474 /* BookShelfCell.swift in Sources */ = {isa = PBXBuildFile; fileRef = A7D30C4229E53C7800EED474 /* BookShelfCell.swift */; };
		A7D30C4629E5449100EED474 /* BookSourcePage.swift in Sources */ = {isa = PBXBuildFile; fileRef = A7D30C4529E5449100EED474 /* BookSourcePage.swift */; };
		A7D30C4829E5533500EED474 /* BookSourceService.swift in Sources */ = {isa = PBXBuildFile; fileRef = A7D30C4729E5533500EED474 /* BookSourceService.swift */; };
		A7D57A7029DEAA1000A4ED58 /* KuComicsApp.swift in Sources */ = {isa = PBXBuildFile; fileRef = A7D57A6F29DEAA1000A4ED58 /* KuComicsApp.swift */; };
		A7D57A7229DEAA1000A4ED58 /* ContentView.swift in Sources */ = {isa = PBXBuildFile; fileRef = A7D57A7129DEAA1000A4ED58 /* ContentView.swift */; };
		A7D57A7429DEAA1300A4ED58 /* Assets.xcassets in Resources */ = {isa = PBXBuildFile; fileRef = A7D57A7329DEAA1300A4ED58 /* Assets.xcassets */; };
		A7D57A7729DEAA1300A4ED58 /* Preview Assets.xcassets in Resources */ = {isa = PBXBuildFile; fileRef = A7D57A7629DEAA1300A4ED58 /* Preview Assets.xcassets */; };
		A7D57A8529DEE3A400A4ED58 /* Color.swift in Sources */ = {isa = PBXBuildFile; fileRef = A7D57A8429DEE3A400A4ED58 /* Color.swift */; };
		A7D57AAA29DFC74400A4ED58 /* BookSource.swift in Sources */ = {isa = PBXBuildFile; fileRef = A7D57AA929DFC74400A4ED58 /* BookSource.swift */; };
		A7D57AB129E009AB00A4ED58 /* Image.swift in Sources */ = {isa = PBXBuildFile; fileRef = A7D57AB029E009AB00A4ED58 /* Image.swift */; };
		E9F95D60D6D2D1D79933230C /* Pods_KuComics.framework in Frameworks */ = {isa = PBXBuildFile; fileRef = 610DB1A70ECA82BD5299B8C8 /* Pods_KuComics.framework */; };
/* End PBXBuildFile section */

/* Begin PBXFileReference section */
		2599B907F1A17FDFCA43DB7F /* Pods-KuComics.debug.xcconfig */ = {isa = PBXFileReference; includeInIndex = 1; lastKnownFileType = text.xcconfig; name = "Pods-KuComics.debug.xcconfig"; path = "Target Support Files/Pods-KuComics/Pods-KuComics.debug.xcconfig"; sourceTree = "<group>"; };
		610DB1A70ECA82BD5299B8C8 /* Pods_KuComics.framework */ = {isa = PBXFileReference; explicitFileType = wrapper.framework; includeInIndex = 0; path = Pods_KuComics.framework; sourceTree = BUILT_PRODUCTS_DIR; };
		802F7873A1A64505DE2681FE /* Pods-KuComics.release.xcconfig */ = {isa = PBXFileReference; includeInIndex = 1; lastKnownFileType = text.xcconfig; name = "Pods-KuComics.release.xcconfig"; path = "Target Support Files/Pods-KuComics/Pods-KuComics.release.xcconfig"; sourceTree = "<group>"; };
		A74DFB2F29E57CE700A818B8 /* MaskView.swift */ = {isa = PBXFileReference; lastKnownFileType = sourcecode.swift; path = MaskView.swift; sourceTree = "<group>"; };
		A74DFB3129E581E000A818B8 /* Screen.swift */ = {isa = PBXFileReference; lastKnownFileType = sourcecode.swift; path = Screen.swift; sourceTree = "<group>"; };
		A74DFB3529E6CC8D00A818B8 /* KuAlertView.swift */ = {isa = PBXFileReference; lastKnownFileType = sourcecode.swift; path = KuAlertView.swift; sourceTree = "<group>"; };
		A7671C4029ECF8CC005BD3B4 /* BookShelfViewModel.swift */ = {isa = PBXFileReference; lastKnownFileType = sourcecode.swift; path = BookShelfViewModel.swift; sourceTree = "<group>"; };
		A7671C4229ED247E005BD3B4 /* APIClient.swift */ = {isa = PBXFileReference; lastKnownFileType = sourcecode.swift; path = APIClient.swift; sourceTree = "<group>"; };
		A7671C4429ED3F8D005BD3B4 /* BookSourceEditPage.swift */ = {isa = PBXFileReference; lastKnownFileType = sourcecode.swift; path = BookSourceEditPage.swift; sourceTree = "<group>"; };
		A79141A729E39E1C00E8BDFF /* KuTabView.swift */ = {isa = PBXFileReference; lastKnownFileType = sourcecode.swift; path = KuTabView.swift; sourceTree = "<group>"; };
		A79141AA29E39FC700E8BDFF /* KuNavigationBar.swift */ = {isa = PBXFileReference; lastKnownFileType = sourcecode.swift; path = KuNavigationBar.swift; sourceTree = "<group>"; };
		A79141AD29E3A4F600E8BDFF /* BookShelfPage.swift */ = {isa = PBXFileReference; lastKnownFileType = sourcecode.swift; path = BookShelfPage.swift; sourceTree = "<group>"; };
		A79C7B5429E902DA00AEEE7E /* LazyView.swift */ = {isa = PBXFileReference; lastKnownFileType = sourcecode.swift; path = LazyView.swift; sourceTree = "<group>"; };
		A79C7B5729E920E400AEEE7E /* HistoryPage.swift */ = {isa = PBXFileReference; lastKnownFileType = sourcecode.swift; path = HistoryPage.swift; sourceTree = "<group>"; };
		A79C7B5A29E922EF00AEEE7E /* DrawerPage.swift */ = {isa = PBXFileReference; lastKnownFileType = sourcecode.swift; path = DrawerPage.swift; sourceTree = "<group>"; };
		A79C7B5C29E9244200AEEE7E /* DrawerCell.swift */ = {isa = PBXFileReference; lastKnownFileType = sourcecode.swift; path = DrawerCell.swift; sourceTree = "<group>"; };
		A79C7B5F29E92B4200AEEE7E /* RecommendPage.swift */ = {isa = PBXFileReference; lastKnownFileType = sourcecode.swift; path = RecommendPage.swift; sourceTree = "<group>"; };
		A79C7B6229E93DDB00AEEE7E /* KuNetwork.swift */ = {isa = PBXFileReference; lastKnownFileType = sourcecode.swift; path = KuNetwork.swift; sourceTree = "<group>"; };
		A7B9B92629E3B53C001BA842 /* BookShelfTabView.swift */ = {isa = PBXFileReference; lastKnownFileType = sourcecode.swift; path = BookShelfTabView.swift; sourceTree = "<group>"; };
		A7B9B92829E3B5EA001BA842 /* BookShelf.swift */ = {isa = PBXFileReference; lastKnownFileType = sourcecode.swift; path = BookShelf.swift; sourceTree = "<group>"; };
		A7B9B92C29E3E14F001BA842 /* BookshelfAddView.swift */ = {isa = PBXFileReference; lastKnownFileType = sourcecode.swift; path = BookshelfAddView.swift; sourceTree = "<group>"; };
		A7B9B92E29E3E70E001BA842 /* Info.plist */ = {isa = PBXFileReference; lastKnownFileType = text.plist.xml; path = Info.plist; sourceTree = "<group>"; };
		A7B9B93329E3E803001BA842 /* en */ = {isa = PBXFileReference; lastKnownFileType = text.plist.strings; name = en; path = en.lproj/Localizable.strings; sourceTree = "<group>"; };
		A7B9B93529E3E867001BA842 /* zh-Hans */ = {isa = PBXFileReference; lastKnownFileType = text.plist.strings; name = "zh-Hans"; path = "zh-Hans.lproj/Localizable.strings"; sourceTree = "<group>"; };
		A7B9B93929E409A2001BA842 /* KuNavigationBarBaseView.swift */ = {isa = PBXFileReference; lastKnownFileType = sourcecode.swift; path = KuNavigationBarBaseView.swift; sourceTree = "<group>"; };
		A7B9B93B29E40A9D001BA842 /* KuNavigationHelper.swift */ = {isa = PBXFileReference; lastKnownFileType = sourcecode.swift; path = KuNavigationHelper.swift; sourceTree = "<group>"; };
		A7B9B93D29E42A5B001BA842 /* BookShelfTypeCell.swift */ = {isa = PBXFileReference; lastKnownFileType = sourcecode.swift; path = BookShelfTypeCell.swift; sourceTree = "<group>"; };
		A7B9B94029E43106001BA842 /* AppSetting.swift */ = {isa = PBXFileReference; lastKnownFileType = sourcecode.swift; path = AppSetting.swift; sourceTree = "<group>"; };
		A7B9B94229E4325F001BA842 /* ViewExtensions.swift */ = {isa = PBXFileReference; lastKnownFileType = sourcecode.swift; path = ViewExtensions.swift; sourceTree = "<group>"; };
		A7C718BE29E8226200DFC021 /* BookSourceViewModel.swift */ = {isa = PBXFileReference; lastKnownFileType = sourcecode.swift; path = BookSourceViewModel.swift; sourceTree = "<group>"; };
		A7D30C0729E4F4C100EED474 /* BookShelfService.swift */ = {isa = PBXFileReference; lastKnownFileType = sourcecode.swift; path = BookShelfService.swift; sourceTree = "<group>"; };
		A7D30C0929E4F62000EED474 /* Book.swift */ = {isa = PBXFileReference; lastKnownFileType = sourcecode.swift; path = Book.swift; sourceTree = "<group>"; };
		A7D30C0E29E4FEAA00EED474 /* Persistence.swift */ = {isa = PBXFileReference; lastKnownFileType = sourcecode.swift; path = Persistence.swift; sourceTree = "<group>"; };
		A7D30C1129E4FF7C00EED474 /* KuComics.xcdatamodel */ = {isa = PBXFileReference; lastKnownFileType = wrapper.xcdatamodel; path = KuComics.xcdatamodel; sourceTree = "<group>"; };
		A7D30C4229E53C7800EED474 /* BookShelfCell.swift */ = {isa = PBXFileReference; lastKnownFileType = sourcecode.swift; path = BookShelfCell.swift; sourceTree = "<group>"; };
		A7D30C4529E5449100EED474 /* BookSourcePage.swift */ = {isa = PBXFileReference; lastKnownFileType = sourcecode.swift; path = BookSourcePage.swift; sourceTree = "<group>"; };
		A7D30C4729E5533500EED474 /* BookSourceService.swift */ = {isa = PBXFileReference; lastKnownFileType = sourcecode.swift; path = BookSourceService.swift; sourceTree = "<group>"; };
		A7D57A6C29DEAA1000A4ED58 /* KuComics.app */ = {isa = PBXFileReference; explicitFileType = wrapper.application; includeInIndex = 0; path = KuComics.app; sourceTree = BUILT_PRODUCTS_DIR; };
		A7D57A6F29DEAA1000A4ED58 /* KuComicsApp.swift */ = {isa = PBXFileReference; lastKnownFileType = sourcecode.swift; path = KuComicsApp.swift; sourceTree = "<group>"; };
		A7D57A7129DEAA1000A4ED58 /* ContentView.swift */ = {isa = PBXFileReference; lastKnownFileType = sourcecode.swift; path = ContentView.swift; sourceTree = "<group>"; };
		A7D57A7329DEAA1300A4ED58 /* Assets.xcassets */ = {isa = PBXFileReference; lastKnownFileType = folder.assetcatalog; path = Assets.xcassets; sourceTree = "<group>"; };
		A7D57A7629DEAA1300A4ED58 /* Preview Assets.xcassets */ = {isa = PBXFileReference; lastKnownFileType = folder.assetcatalog; path = "Preview Assets.xcassets"; sourceTree = "<group>"; };
		A7D57A8429DEE3A400A4ED58 /* Color.swift */ = {isa = PBXFileReference; lastKnownFileType = sourcecode.swift; path = Color.swift; sourceTree = "<group>"; };
		A7D57AA929DFC74400A4ED58 /* BookSource.swift */ = {isa = PBXFileReference; lastKnownFileType = sourcecode.swift; path = BookSource.swift; sourceTree = "<group>"; };
		A7D57AB029E009AB00A4ED58 /* Image.swift */ = {isa = PBXFileReference; lastKnownFileType = sourcecode.swift; path = Image.swift; sourceTree = "<group>"; };
/* End PBXFileReference section */

/* Begin PBXFrameworksBuildPhase section */
		A7D57A6929DEAA1000A4ED58 /* Frameworks */ = {
			isa = PBXFrameworksBuildPhase;
			buildActionMask = 2147483647;
			files = (
				E9F95D60D6D2D1D79933230C /* Pods_KuComics.framework in Frameworks */,
			);
			runOnlyForDeploymentPostprocessing = 0;
		};
/* End PBXFrameworksBuildPhase section */

/* Begin PBXGroup section */
		A79141A629E39ABE00E8BDFF /* Service */ = {
			isa = PBXGroup;
			children = (
			);
			path = Service;
			sourceTree = "<group>";
		};
		A79141A929E39F6300E8BDFF /* Component */ = {
			isa = PBXGroup;
			children = (
				A7B9B93629E4087C001BA842 /* KuNavigationBar */,
				A74DFB2F29E57CE700A818B8 /* MaskView.swift */,
				A74DFB3529E6CC8D00A818B8 /* KuAlertView.swift */,
			);
			path = Component;
			sourceTree = "<group>";
		};
		A79141AC29E3A47300E8BDFF /* Bookshelf */ = {
			isa = PBXGroup;
			children = (
				A79141AD29E3A4F600E8BDFF /* BookShelfPage.swift */,
				A7B9B92C29E3E14F001BA842 /* BookshelfAddView.swift */,
				A7B9B92629E3B53C001BA842 /* BookShelfTabView.swift */,
				A7B9B93D29E42A5B001BA842 /* BookShelfTypeCell.swift */,
				A7D30C0729E4F4C100EED474 /* BookShelfService.swift */,
				A7D30C4229E53C7800EED474 /* BookShelfCell.swift */,
				A7671C4029ECF8CC005BD3B4 /* BookShelfViewModel.swift */,
			);
			path = Bookshelf;
			sourceTree = "<group>";
		};
		A79C7B5129E8FE9100AEEE7E /* TabView */ = {
			isa = PBXGroup;
			children = (
				A79141A729E39E1C00E8BDFF /* KuTabView.swift */,
			);
			path = TabView;
			sourceTree = "<group>";
		};
		A79C7B5629E920C900AEEE7E /* History */ = {
			isa = PBXGroup;
			children = (
				A79C7B5729E920E400AEEE7E /* HistoryPage.swift */,
			);
			path = History;
			sourceTree = "<group>";
		};
		A79C7B5929E922D600AEEE7E /* Drawer */ = {
			isa = PBXGroup;
			children = (
				A79C7B5A29E922EF00AEEE7E /* DrawerPage.swift */,
				A79C7B5C29E9244200AEEE7E /* DrawerCell.swift */,
			);
			path = Drawer;
			sourceTree = "<group>";
		};
		A79C7B5E29E92B3300AEEE7E /* Recommend */ = {
			isa = PBXGroup;
			children = (
				A79C7B5F29E92B4200AEEE7E /* RecommendPage.swift */,
			);
			path = Recommend;
			sourceTree = "<group>";
		};
		A7B9B92F29E3E758001BA842 /* Resource */ = {
			isa = PBXGroup;
			children = (
				A7D57A7529DEAA1300A4ED58 /* Preview Content */,
				A7D57A7329DEAA1300A4ED58 /* Assets.xcassets */,
				A7B9B92E29E3E70E001BA842 /* Info.plist */,
				A7B9B93429E3E803001BA842 /* Localizable.strings */,
			);
			path = Resource;
			sourceTree = "<group>";
		};
		A7B9B93629E4087C001BA842 /* KuNavigationBar */ = {
			isa = PBXGroup;
			children = (
				A79141AA29E39FC700E8BDFF /* KuNavigationBar.swift */,
				A7B9B93929E409A2001BA842 /* KuNavigationBarBaseView.swift */,
				A7B9B93B29E40A9D001BA842 /* KuNavigationHelper.swift */,
			);
			path = KuNavigationBar;
			sourceTree = "<group>";
		};
		A7B9B93F29E430F4001BA842 /* Util */ = {
			isa = PBXGroup;
			children = (
				A7B9B94229E4325F001BA842 /* ViewExtensions.swift */,
				A7D57A8429DEE3A400A4ED58 /* Color.swift */,
				A7D57AB029E009AB00A4ED58 /* Image.swift */,
				A7B9B94029E43106001BA842 /* AppSetting.swift */,
				A74DFB3129E581E000A818B8 /* Screen.swift */,
				A79C7B5429E902DA00AEEE7E /* LazyView.swift */,
				A79C7B6229E93DDB00AEEE7E /* KuNetwork.swift */,
				A7671C4229ED247E005BD3B4 /* APIClient.swift */,
			);
			path = Util;
			sourceTree = "<group>";
		};
		A7D30C0629E4F06200EED474 /* App */ = {
			isa = PBXGroup;
			children = (
				A7D57A6F29DEAA1000A4ED58 /* KuComicsApp.swift */,
				A7D57A7129DEAA1000A4ED58 /* ContentView.swift */,
				A7D30C0E29E4FEAA00EED474 /* Persistence.swift */,
				A7D30C1029E4FF7C00EED474 /* KuComics.xcdatamodeld */,
			);
			path = App;
			sourceTree = "<group>";
		};
		A7D30C4429E5447A00EED474 /* BookSource */ = {
			isa = PBXGroup;
			children = (
				A7D30C4529E5449100EED474 /* BookSourcePage.swift */,
				A7D30C4729E5533500EED474 /* BookSourceService.swift */,
				A7C718BE29E8226200DFC021 /* BookSourceViewModel.swift */,
				A7671C4429ED3F8D005BD3B4 /* BookSourceEditPage.swift */,
			);
			path = BookSource;
			sourceTree = "<group>";
		};
		A7D57A6329DEAA1000A4ED58 = {
			isa = PBXGroup;
			children = (
				A7D57A6E29DEAA1000A4ED58 /* KuComics */,
				A7D57A6D29DEAA1000A4ED58 /* Products */,
				CCC704BDA6DF090E6DE56C36 /* Pods */,
				F40F710E2AA098F224CA33CF /* Frameworks */,
			);
			sourceTree = "<group>";
		};
		A7D57A6D29DEAA1000A4ED58 /* Products */ = {
			isa = PBXGroup;
			children = (
				A7D57A6C29DEAA1000A4ED58 /* KuComics.app */,
			);
			name = Products;
			sourceTree = "<group>";
		};
		A7D57A6E29DEAA1000A4ED58 /* KuComics */ = {
			isa = PBXGroup;
			children = (
				A7D30C0629E4F06200EED474 /* App */,
				A7B9B93F29E430F4001BA842 /* Util */,
				A7B9B92F29E3E758001BA842 /* Resource */,
				A79141A929E39F6300E8BDFF /* Component */,
				A79141A629E39ABE00E8BDFF /* Service */,
				A7D57A8629DEEC8F00A4ED58 /* Model */,
				A7D57AAD29E0092C00A4ED58 /* Page */,
			);
			path = KuComics;
			sourceTree = "<group>";
		};
		A7D57A7529DEAA1300A4ED58 /* Preview Content */ = {
			isa = PBXGroup;
			children = (
				A7D57A7629DEAA1300A4ED58 /* Preview Assets.xcassets */,
			);
			path = "Preview Content";
			sourceTree = "<group>";
		};
		A7D57A8629DEEC8F00A4ED58 /* Model */ = {
			isa = PBXGroup;
			children = (
				A7D57AA929DFC74400A4ED58 /* BookSource.swift */,
				A7B9B92829E3B5EA001BA842 /* BookShelf.swift */,
				A7D30C0929E4F62000EED474 /* Book.swift */,
			);
			path = Model;
			sourceTree = "<group>";
		};
		A7D57AAD29E0092C00A4ED58 /* Page */ = {
			isa = PBXGroup;
			children = (
				A79C7B5E29E92B3300AEEE7E /* Recommend */,
				A79C7B5929E922D600AEEE7E /* Drawer */,
				A79C7B5629E920C900AEEE7E /* History */,
				A79C7B5129E8FE9100AEEE7E /* TabView */,
				A7D30C4429E5447A00EED474 /* BookSource */,
				A79141AC29E3A47300E8BDFF /* Bookshelf */,
			);
			path = Page;
			sourceTree = "<group>";
		};
		CCC704BDA6DF090E6DE56C36 /* Pods */ = {
			isa = PBXGroup;
			children = (
				2599B907F1A17FDFCA43DB7F /* Pods-KuComics.debug.xcconfig */,
				802F7873A1A64505DE2681FE /* Pods-KuComics.release.xcconfig */,
			);
			path = Pods;
			sourceTree = "<group>";
		};
		F40F710E2AA098F224CA33CF /* Frameworks */ = {
			isa = PBXGroup;
			children = (
				610DB1A70ECA82BD5299B8C8 /* Pods_KuComics.framework */,
			);
			name = Frameworks;
			sourceTree = "<group>";
		};
/* End PBXGroup section */

/* Begin PBXNativeTarget section */
		A7D57A6B29DEAA1000A4ED58 /* KuComics */ = {
			isa = PBXNativeTarget;
			buildConfigurationList = A7D57A7A29DEAA1300A4ED58 /* Build configuration list for PBXNativeTarget "KuComics" */;
			buildPhases = (
				D6312422716A2B67BA054E86 /* [CP] Check Pods Manifest.lock */,
				A7D57A6829DEAA1000A4ED58 /* Sources */,
				A7D57A6929DEAA1000A4ED58 /* Frameworks */,
				A7D57A6A29DEAA1000A4ED58 /* Resources */,
				218C99F40E822684F884245D /* [CP] Embed Pods Frameworks */,
			);
			buildRules = (
			);
			dependencies = (
			);
			name = KuComics;
			productName = KuComics;
			productReference = A7D57A6C29DEAA1000A4ED58 /* KuComics.app */;
			productType = "com.apple.product-type.application";
		};
/* End PBXNativeTarget section */

/* Begin PBXProject section */
		A7D57A6429DEAA1000A4ED58 /* Project object */ = {
			isa = PBXProject;
			attributes = {
				BuildIndependentTargetsInParallel = 1;
				LastSwiftUpdateCheck = 1430;
				LastUpgradeCheck = 1430;
				TargetAttributes = {
					A7D57A6B29DEAA1000A4ED58 = {
						CreatedOnToolsVersion = 14.3;
					};
				};
			};
			buildConfigurationList = A7D57A6729DEAA1000A4ED58 /* Build configuration list for PBXProject "KuComics" */;
			compatibilityVersion = "Xcode 14.0";
			developmentRegion = "zh-Hans";
			hasScannedForEncodings = 0;
			knownRegions = (
				en,
				Base,
				"zh-Hans",
			);
			mainGroup = A7D57A6329DEAA1000A4ED58;
			productRefGroup = A7D57A6D29DEAA1000A4ED58 /* Products */;
			projectDirPath = "";
			projectRoot = "";
			targets = (
				A7D57A6B29DEAA1000A4ED58 /* KuComics */,
			);
		};
/* End PBXProject section */

/* Begin PBXResourcesBuildPhase section */
		A7D57A6A29DEAA1000A4ED58 /* Resources */ = {
			isa = PBXResourcesBuildPhase;
			buildActionMask = 2147483647;
			files = (
				A7D57A7729DEAA1300A4ED58 /* Preview Assets.xcassets in Resources */,
				A7B9B93229E3E803001BA842 /* Localizable.strings in Resources */,
				A7D57A7429DEAA1300A4ED58 /* Assets.xcassets in Resources */,
			);
			runOnlyForDeploymentPostprocessing = 0;
		};
/* End PBXResourcesBuildPhase section */

/* Begin PBXShellScriptBuildPhase section */
		218C99F40E822684F884245D /* [CP] Embed Pods Frameworks */ = {
			isa = PBXShellScriptBuildPhase;
			buildActionMask = 2147483647;
			files = (
			);
			inputFileListPaths = (
				"${PODS_ROOT}/Target Support Files/Pods-KuComics/Pods-KuComics-frameworks-${CONFIGURATION}-input-files.xcfilelist",
			);
			name = "[CP] Embed Pods Frameworks";
			outputFileListPaths = (
				"${PODS_ROOT}/Target Support Files/Pods-KuComics/Pods-KuComics-frameworks-${CONFIGURATION}-output-files.xcfilelist",
			);
			runOnlyForDeploymentPostprocessing = 0;
			shellPath = /bin/sh;
			shellScript = "\"${PODS_ROOT}/Target Support Files/Pods-KuComics/Pods-KuComics-frameworks.sh\"\n";
			showEnvVarsInLog = 0;
		};
		D6312422716A2B67BA054E86 /* [CP] Check Pods Manifest.lock */ = {
			isa = PBXShellScriptBuildPhase;
			buildActionMask = 2147483647;
			files = (
			);
			inputFileListPaths = (
			);
			inputPaths = (
				"${PODS_PODFILE_DIR_PATH}/Podfile.lock",
				"${PODS_ROOT}/Manifest.lock",
			);
			name = "[CP] Check Pods Manifest.lock";
			outputFileListPaths = (
			);
			outputPaths = (
				"$(DERIVED_FILE_DIR)/Pods-KuComics-checkManifestLockResult.txt",
			);
			runOnlyForDeploymentPostprocessing = 0;
			shellPath = /bin/sh;
			shellScript = "diff \"${PODS_PODFILE_DIR_PATH}/Podfile.lock\" \"${PODS_ROOT}/Manifest.lock\" > /dev/null\nif [ $? != 0 ] ; then\n    # print error to STDERR\n    echo \"error: The sandbox is not in sync with the Podfile.lock. Run 'pod install' or update your CocoaPods installation.\" >&2\n    exit 1\nfi\n# This output is used by Xcode 'outputs' to avoid re-running this script phase.\necho \"SUCCESS\" > \"${SCRIPT_OUTPUT_FILE_0}\"\n";
			showEnvVarsInLog = 0;
		};
/* End PBXShellScriptBuildPhase section */

/* Begin PBXSourcesBuildPhase section */
		A7D57A6829DEAA1000A4ED58 /* Sources */ = {
			isa = PBXSourcesBuildPhase;
			buildActionMask = 2147483647;
			files = (
				A79141AE29E3A4F600E8BDFF /* BookShelfPage.swift in Sources */,
				A79C7B5829E920E400AEEE7E /* HistoryPage.swift in Sources */,
				A7D57A7229DEAA1000A4ED58 /* ContentView.swift in Sources */,
				A7B9B93A29E409A2001BA842 /* KuNavigationBarBaseView.swift in Sources */,
				A7D30C0829E4F4C100EED474 /* BookShelfService.swift in Sources */,
				A79C7B6029E92B4200AEEE7E /* RecommendPage.swift in Sources */,
				A7B9B92929E3B5EA001BA842 /* BookShelf.swift in Sources */,
				A79141A829E39E1C00E8BDFF /* KuTabView.swift in Sources */,
				A7671C4329ED247E005BD3B4 /* APIClient.swift in Sources */,
				A7671C4129ECF8CC005BD3B4 /* BookShelfViewModel.swift in Sources */,
				A7671C4529ED3F8D005BD3B4 /* BookSourceEditPage.swift in Sources */,
				A7D30C4629E5449100EED474 /* BookSourcePage.swift in Sources */,
				A7B9B94129E43106001BA842 /* AppSetting.swift in Sources */,
				A74DFB3029E57CE700A818B8 /* MaskView.swift in Sources */,
				A7C718BF29E8226200DFC021 /* BookSourceViewModel.swift in Sources */,
				A7D57AB129E009AB00A4ED58 /* Image.swift in Sources */,
				A7D57A7029DEAA1000A4ED58 /* KuComicsApp.swift in Sources */,
				A7D30C0F29E4FEAA00EED474 /* Persistence.swift in Sources */,
				A7B9B93C29E40A9D001BA842 /* KuNavigationHelper.swift in Sources */,
				A7D30C1229E4FF7C00EED474 /* KuComics.xcdatamodeld in Sources */,
				A7D57AAA29DFC74400A4ED58 /* BookSource.swift in Sources */,
				A74DFB3629E6CC8D00A818B8 /* KuAlertView.swift in Sources */,
				A79141AB29E39FC700E8BDFF /* KuNavigationBar.swift in Sources */,
				A7D30C0A29E4F62000EED474 /* Book.swift in Sources */,
				A7B9B92729E3B53C001BA842 /* BookShelfTabView.swift in Sources */,
				A79C7B5D29E9244200AEEE7E /* DrawerCell.swift in Sources */,
				A79C7B5529E902DA00AEEE7E /* LazyView.swift in Sources */,
				A7D30C4829E5533500EED474 /* BookSourceService.swift in Sources */,
				A79C7B6329E93DDB00AEEE7E /* KuNetwork.swift in Sources */,
				A79C7B5B29E922EF00AEEE7E /* DrawerPage.swift in Sources */,
				A7D57A8529DEE3A400A4ED58 /* Color.swift in Sources */,
				A74DFB3229E581E000A818B8 /* Screen.swift in Sources */,
				A7B9B92D29E3E14F001BA842 /* BookshelfAddView.swift in Sources */,
				A7D30C4329E53C7800EED474 /* BookShelfCell.swift in Sources */,
				A7B9B93E29E42A5B001BA842 /* BookShelfTypeCell.swift in Sources */,
				A7B9B94329E4325F001BA842 /* ViewExtensions.swift in Sources */,
			);
			runOnlyForDeploymentPostprocessing = 0;
		};
/* End PBXSourcesBuildPhase section */

/* Begin PBXVariantGroup section */
		A7B9B93429E3E803001BA842 /* Localizable.strings */ = {
			isa = PBXVariantGroup;
			children = (
				A7B9B93329E3E803001BA842 /* en */,
				A7B9B93529E3E867001BA842 /* zh-Hans */,
			);
			name = Localizable.strings;
			sourceTree = "<group>";
		};
/* End PBXVariantGroup section */

/* Begin XCBuildConfiguration section */
		A7D57A7829DEAA1300A4ED58 /* Debug */ = {
			isa = XCBuildConfiguration;
			buildSettings = {
				ALWAYS_SEARCH_USER_PATHS = NO;
				CLANG_ANALYZER_LOCALIZABILITY_NONLOCALIZED = YES;
				CLANG_ANALYZER_NONNULL = YES;
				CLANG_ANALYZER_NUMBER_OBJECT_CONVERSION = YES_AGGRESSIVE;
				CLANG_CXX_LANGUAGE_STANDARD = "gnu++20";
				CLANG_ENABLE_MODULES = YES;
				CLANG_ENABLE_OBJC_ARC = YES;
				CLANG_ENABLE_OBJC_WEAK = YES;
				CLANG_WARN_BLOCK_CAPTURE_AUTORELEASING = YES;
				CLANG_WARN_BOOL_CONVERSION = YES;
				CLANG_WARN_COMMA = YES;
				CLANG_WARN_CONSTANT_CONVERSION = YES;
				CLANG_WARN_DEPRECATED_OBJC_IMPLEMENTATIONS = YES;
				CLANG_WARN_DIRECT_OBJC_ISA_USAGE = YES_ERROR;
				CLANG_WARN_DOCUMENTATION_COMMENTS = YES;
				CLANG_WARN_EMPTY_BODY = YES;
				CLANG_WARN_ENUM_CONVERSION = YES;
				CLANG_WARN_INFINITE_RECURSION = YES;
				CLANG_WARN_INT_CONVERSION = YES;
				CLANG_WARN_NON_LITERAL_NULL_CONVERSION = YES;
				CLANG_WARN_OBJC_IMPLICIT_RETAIN_SELF = YES;
				CLANG_WARN_OBJC_LITERAL_CONVERSION = YES;
				CLANG_WARN_OBJC_ROOT_CLASS = YES_ERROR;
				CLANG_WARN_QUOTED_INCLUDE_IN_FRAMEWORK_HEADER = YES;
				CLANG_WARN_RANGE_LOOP_ANALYSIS = YES;
				CLANG_WARN_STRICT_PROTOTYPES = YES;
				CLANG_WARN_SUSPICIOUS_MOVE = YES;
				CLANG_WARN_UNGUARDED_AVAILABILITY = YES_AGGRESSIVE;
				CLANG_WARN_UNREACHABLE_CODE = YES;
				CLANG_WARN__DUPLICATE_METHOD_MATCH = YES;
				COPY_PHASE_STRIP = NO;
				DEBUG_INFORMATION_FORMAT = dwarf;
				ENABLE_STRICT_OBJC_MSGSEND = YES;
				ENABLE_TESTABILITY = YES;
				GCC_C_LANGUAGE_STANDARD = gnu11;
				GCC_DYNAMIC_NO_PIC = NO;
				GCC_NO_COMMON_BLOCKS = YES;
				GCC_OPTIMIZATION_LEVEL = 0;
				GCC_PREPROCESSOR_DEFINITIONS = (
					"DEBUG=1",
					"$(inherited)",
				);
				GCC_WARN_64_TO_32_BIT_CONVERSION = YES;
				GCC_WARN_ABOUT_RETURN_TYPE = YES_ERROR;
				GCC_WARN_UNDECLARED_SELECTOR = YES;
				GCC_WARN_UNINITIALIZED_AUTOS = YES_AGGRESSIVE;
				GCC_WARN_UNUSED_FUNCTION = YES;
				GCC_WARN_UNUSED_VARIABLE = YES;
				IPHONEOS_DEPLOYMENT_TARGET = 14.0;
				MTL_ENABLE_DEBUG_INFO = INCLUDE_SOURCE;
				MTL_FAST_MATH = YES;
				ONLY_ACTIVE_ARCH = YES;
				SDKROOT = iphoneos;
				SWIFT_ACTIVE_COMPILATION_CONDITIONS = DEBUG;
				SWIFT_OPTIMIZATION_LEVEL = "-Onone";
			};
			name = Debug;
		};
		A7D57A7929DEAA1300A4ED58 /* Release */ = {
			isa = XCBuildConfiguration;
			buildSettings = {
				ALWAYS_SEARCH_USER_PATHS = NO;
				CLANG_ANALYZER_LOCALIZABILITY_NONLOCALIZED = YES;
				CLANG_ANALYZER_NONNULL = YES;
				CLANG_ANALYZER_NUMBER_OBJECT_CONVERSION = YES_AGGRESSIVE;
				CLANG_CXX_LANGUAGE_STANDARD = "gnu++20";
				CLANG_ENABLE_MODULES = YES;
				CLANG_ENABLE_OBJC_ARC = YES;
				CLANG_ENABLE_OBJC_WEAK = YES;
				CLANG_WARN_BLOCK_CAPTURE_AUTORELEASING = YES;
				CLANG_WARN_BOOL_CONVERSION = YES;
				CLANG_WARN_COMMA = YES;
				CLANG_WARN_CONSTANT_CONVERSION = YES;
				CLANG_WARN_DEPRECATED_OBJC_IMPLEMENTATIONS = YES;
				CLANG_WARN_DIRECT_OBJC_ISA_USAGE = YES_ERROR;
				CLANG_WARN_DOCUMENTATION_COMMENTS = YES;
				CLANG_WARN_EMPTY_BODY = YES;
				CLANG_WARN_ENUM_CONVERSION = YES;
				CLANG_WARN_INFINITE_RECURSION = YES;
				CLANG_WARN_INT_CONVERSION = YES;
				CLANG_WARN_NON_LITERAL_NULL_CONVERSION = YES;
				CLANG_WARN_OBJC_IMPLICIT_RETAIN_SELF = YES;
				CLANG_WARN_OBJC_LITERAL_CONVERSION = YES;
				CLANG_WARN_OBJC_ROOT_CLASS = YES_ERROR;
				CLANG_WARN_QUOTED_INCLUDE_IN_FRAMEWORK_HEADER = YES;
				CLANG_WARN_RANGE_LOOP_ANALYSIS = YES;
				CLANG_WARN_STRICT_PROTOTYPES = YES;
				CLANG_WARN_SUSPICIOUS_MOVE = YES;
				CLANG_WARN_UNGUARDED_AVAILABILITY = YES_AGGRESSIVE;
				CLANG_WARN_UNREACHABLE_CODE = YES;
				CLANG_WARN__DUPLICATE_METHOD_MATCH = YES;
				COPY_PHASE_STRIP = NO;
				DEBUG_INFORMATION_FORMAT = "dwarf-with-dsym";
				ENABLE_NS_ASSERTIONS = NO;
				ENABLE_STRICT_OBJC_MSGSEND = YES;
				GCC_C_LANGUAGE_STANDARD = gnu11;
				GCC_NO_COMMON_BLOCKS = YES;
				GCC_WARN_64_TO_32_BIT_CONVERSION = YES;
				GCC_WARN_ABOUT_RETURN_TYPE = YES_ERROR;
				GCC_WARN_UNDECLARED_SELECTOR = YES;
				GCC_WARN_UNINITIALIZED_AUTOS = YES_AGGRESSIVE;
				GCC_WARN_UNUSED_FUNCTION = YES;
				GCC_WARN_UNUSED_VARIABLE = YES;
				IPHONEOS_DEPLOYMENT_TARGET = 14.0;
				MTL_ENABLE_DEBUG_INFO = NO;
				MTL_FAST_MATH = YES;
				SDKROOT = iphoneos;
				SWIFT_COMPILATION_MODE = wholemodule;
				SWIFT_OPTIMIZATION_LEVEL = "-O";
				VALIDATE_PRODUCT = YES;
			};
			name = Release;
		};
		A7D57A7B29DEAA1300A4ED58 /* Debug */ = {
			isa = XCBuildConfiguration;
			baseConfigurationReference = 2599B907F1A17FDFCA43DB7F /* Pods-KuComics.debug.xcconfig */;
			buildSettings = {
				ASSETCATALOG_COMPILER_APPICON_NAME = AppIcon;
				ASSETCATALOG_COMPILER_GLOBAL_ACCENT_COLOR_NAME = AccentColor;
				CODE_SIGN_STYLE = Automatic;
				CURRENT_PROJECT_VERSION = 1;
				DEVELOPMENT_ASSET_PATHS = "\"KuComics/Resource/Preview Content\"";
				ENABLE_PREVIEWS = YES;
				GENERATE_INFOPLIST_FILE = YES;
				INFOPLIST_FILE = KuComics/Info.plist;
				INFOPLIST_KEY_UIApplicationSceneManifest_Generation = YES;
				INFOPLIST_KEY_UIApplicationSupportsIndirectInputEvents = YES;
				INFOPLIST_KEY_UILaunchScreen_Generation = YES;
				INFOPLIST_KEY_UISupportedInterfaceOrientations_iPad = "UIInterfaceOrientationPortrait UIInterfaceOrientationPortraitUpsideDown UIInterfaceOrientationLandscapeLeft UIInterfaceOrientationLandscapeRight";
				INFOPLIST_KEY_UISupportedInterfaceOrientations_iPhone = "UIInterfaceOrientationPortrait UIInterfaceOrientationLandscapeLeft UIInterfaceOrientationLandscapeRight";
				IPHONEOS_DEPLOYMENT_TARGET = 14.0;
				LD_RUNPATH_SEARCH_PATHS = (
					"$(inherited)",
					"@executable_path/Frameworks",
				);
				MARKETING_VERSION = 1.0;
				PRODUCT_BUNDLE_IDENTIFIER = com.KuComics;
				PRODUCT_NAME = "$(TARGET_NAME)";
				SWIFT_EMIT_LOC_STRINGS = YES;
				SWIFT_VERSION = 5.0;
				TARGETED_DEVICE_FAMILY = "1,2";
			};
			name = Debug;
		};
		A7D57A7C29DEAA1300A4ED58 /* Release */ = {
			isa = XCBuildConfiguration;
			baseConfigurationReference = 802F7873A1A64505DE2681FE /* Pods-KuComics.release.xcconfig */;
			buildSettings = {
				ASSETCATALOG_COMPILER_APPICON_NAME = AppIcon;
				ASSETCATALOG_COMPILER_GLOBAL_ACCENT_COLOR_NAME = AccentColor;
				CODE_SIGN_STYLE = Automatic;
				CURRENT_PROJECT_VERSION = 1;
				DEVELOPMENT_ASSET_PATHS = "\"KuComics/Resource/Preview Content\"";
				ENABLE_PREVIEWS = YES;
				GENERATE_INFOPLIST_FILE = YES;
				INFOPLIST_FILE = KuComics/Info.plist;
				INFOPLIST_KEY_UIApplicationSceneManifest_Generation = YES;
				INFOPLIST_KEY_UIApplicationSupportsIndirectInputEvents = YES;
				INFOPLIST_KEY_UILaunchScreen_Generation = YES;
				INFOPLIST_KEY_UISupportedInterfaceOrientations_iPad = "UIInterfaceOrientationPortrait UIInterfaceOrientationPortraitUpsideDown UIInterfaceOrientationLandscapeLeft UIInterfaceOrientationLandscapeRight";
				INFOPLIST_KEY_UISupportedInterfaceOrientations_iPhone = "UIInterfaceOrientationPortrait UIInterfaceOrientationLandscapeLeft UIInterfaceOrientationLandscapeRight";
				IPHONEOS_DEPLOYMENT_TARGET = 14.0;
				LD_RUNPATH_SEARCH_PATHS = (
					"$(inherited)",
					"@executable_path/Frameworks",
				);
				MARKETING_VERSION = 1.0;
				PRODUCT_BUNDLE_IDENTIFIER = com.KuComics;
				PRODUCT_NAME = "$(TARGET_NAME)";
				SWIFT_EMIT_LOC_STRINGS = YES;
				SWIFT_VERSION = 5.0;
				TARGETED_DEVICE_FAMILY = "1,2";
			};
			name = Release;
		};
/* End XCBuildConfiguration section */

/* Begin XCConfigurationList section */
		A7D57A6729DEAA1000A4ED58 /* Build configuration list for PBXProject "KuComics" */ = {
			isa = XCConfigurationList;
			buildConfigurations = (
				A7D57A7829DEAA1300A4ED58 /* Debug */,
				A7D57A7929DEAA1300A4ED58 /* Release */,
			);
			defaultConfigurationIsVisible = 0;
			defaultConfigurationName = Release;
		};
		A7D57A7A29DEAA1300A4ED58 /* Build configuration list for PBXNativeTarget "KuComics" */ = {
			isa = XCConfigurationList;
			buildConfigurations = (
				A7D57A7B29DEAA1300A4ED58 /* Debug */,
				A7D57A7C29DEAA1300A4ED58 /* Release */,
			);
			defaultConfigurationIsVisible = 0;
			defaultConfigurationName = Release;
		};
/* End XCConfigurationList section */

/* Begin XCVersionGroup section */
		A7D30C1029E4FF7C00EED474 /* KuComics.xcdatamodeld */ = {
			isa = XCVersionGroup;
			children = (
				A7D30C1129E4FF7C00EED474 /* KuComics.xcdatamodel */,
			);
			currentVersion = A7D30C1129E4FF7C00EED474 /* KuComics.xcdatamodel */;
			path = KuComics.xcdatamodeld;
			sourceTree = "<group>";
			versionGroupType = wrapper.xcdatamodel;
		};
/* End XCVersionGroup section */
	};
	rootObject = A7D57A6429DEAA1000A4ED58 /* Project object */;
}
